
Microsoft Visual Studio Solution File, Format Version 12.00
# Visual Studio Version 17
VisualStudioVersion = 17.1.32421.90
MinimumVisualStudioVersion = 10.0.40219.1
Project("{9A19103F-16F7-4668-BE54-9A1E7A4F7556}") = "Netwolf.Transport", "Netwolf.Transport\Netwolf.Transport.csproj", "{A922C2C2-4F52-4AB7-9007-9EDB42494096}"
EndProject
Project("{FAE04EC0-301F-11D3-BF4B-00C04F79EFBC}") = "Netwolf.Transport.Tests", "Netwolf.Transport.Tests\Netwolf.Transport.Tests.csproj", "{F6C55AB3-FE6F-45EC-AFA5-D68F89441C91}"
EndProject
Global
	GlobalSection(SolutionConfigurationPlatforms) = preSolution
		Debug|Any CPU = Debug|Any CPU
		Release|Any CPU = Release|Any CPU
	EndGlobalSection
	GlobalSection(ProjectConfigurationPlatforms) = postSolution
		{A922C2C2-4F52-4AB7-9007-9EDB42494096}.Debug|Any CPU.ActiveCfg = Debug|Any CPU
		{A922C2C2-4F52-4AB7-9007-9EDB42494096}.Debug|Any CPU.Build.0 = Debug|Any CPU
		{A922C2C2-4F52-4AB7-9007-9EDB42494096}.Release|Any CPU.ActiveCfg = Release|Any CPU
		{A922C2C2-4F52-4AB7-9007-9EDB42494096}.Release|Any CPU.Build.0 = Release|Any CPU
		{F6C55AB3-FE6F-45EC-AFA5-D68F89441C91}.Debug|Any CPU.ActiveCfg = Debug|Any CPU
		{F6C55AB3-FE6F-45EC-AFA5-D68F89441C91}.Debug|Any CPU.Build.0 = Debug|Any CPU
		{F6C55AB3-FE6F-45EC-AFA5-D68F89441C91}.Release|Any CPU.ActiveCfg = Release|Any CPU
		{F6C55AB3-FE6F-45EC-AFA5-D68F89441C91}.Release|Any CPU.Build.0 = Release|Any CPU
	EndGlobalSection
	GlobalSection(SolutionProperties) = preSolution
		HideSolutionNode = FALSE
	EndGlobalSection
	GlobalSection(ExtensibilityGlobals) = postSolution
		SolutionGuid = {C821B44C-0CF8-40DE-BE6F-95C8D2D4EF31}
	EndGlobalSection
EndGlobal
